
Microsoft Visual Studio Solution File, Format Version 12.00
# Visual Studio 14
VisualStudioVersion = 14.0.25420.1
MinimumVisualStudioVersion = 10.0.40219.1
Project("{FAE04EC0-301F-11D3-BF4B-00C04F79EFBC}") = "KEEPER.K3.WebService", "KEEPER.K3.WebService\KEEPER.K3.WebService.csproj", "{E8B78F24-FA85-4FA6-B5CE-F05548BD9714}"
EndProject
Project("{FAE04EC0-301F-11D3-BF4B-00C04F79EFBC}") = "KEEPER.K3.WebService.Tests", "KEEPER.K3.WebService.Tests\KEEPER.K3.WebService.Tests.csproj", "{10D848B2-FF63-4BD0-89A0-677F0442C145}"
EndProject
Project("{FAE04EC0-301F-11D3-BF4B-00C04F79EFBC}") = "KEEPER.K3.Web.Core", "KEEPER.K3.Web.Core\KEEPER.K3.Web.Core.csproj", "{FA327901-FE7E-4405-9AD8-40552418AFE1}"
EndProject
Project("{2150E333-8FDC-42A3-9474-1A3956D46DE8}") = "Common", "Common", "{8F84F1DD-F3FC-4178-8FFF-CA9A8B640ADC}"
EndProject
Project("{2150E333-8FDC-42A3-9474-1A3956D46DE8}") = "Plugln", "Plugln", "{9792B57B-E495-437F-96FF-5388AECF63FF}"
EndProject
Project("{FAE04EC0-301F-11D3-BF4B-00C04F79EFBC}") = "KEEPER.K3.XSX.Contracts", "KEEPER.K3.XSX.Contracts\KEEPER.K3.XSX.Contracts.csproj", "{19407B50-7C76-472D-ACCF-E52D81E3501F}"
EndProject
Project("{FAE04EC0-301F-11D3-BF4B-00C04F79EFBC}") = "KEEPER.K3.XSX.Core", "KEEPER.K3.XSX.Core\KEEPER.K3.XSX.Core.csproj", "{E0D87D6C-7C28-4557-A937-F3410E7B5BD6}"
EndProject
Project("{2150E333-8FDC-42A3-9474-1A3956D46DE8}") = "BusinessPlugIn", "BusinessPlugIn", "{DB7883CE-337F-40A3-98B6-AC68DA9C38F8}"
EndProject
Project("{2150E333-8FDC-42A3-9474-1A3956D46DE8}") = "ServicePlugIn", "ServicePlugIn", "{316F6066-C126-453D-8FCE-4EB42BB00DA6}"
EndProject
Project("{2150E333-8FDC-42A3-9474-1A3956D46DE8}") = "AR_RECEIVEBILL", "AR_RECEIVEBILL", "{921EB75B-C1E1-471D-995B-1E65E52EBF21}"
EndProject
Project("{FAE04EC0-301F-11D3-BF4B-00C04F79EFBC}") = "KEEPER.K3.AR_RECEIVEBILL.ServicePlugIn", "KEEPER.K3.AR_RECEIVEBILL.ServicePlugIn\KEEPER.K3.AR_RECEIVEBILL.ServicePlugIn.csproj", "{6166D700-4F32-4220-80FB-6E23C201292A}"
EndProject
Global
	GlobalSection(SolutionConfigurationPlatforms) = preSolution
		Debug|Any CPU = Debug|Any CPU
		Release|Any CPU = Release|Any CPU
	EndGlobalSection
	GlobalSection(ProjectConfigurationPlatforms) = postSolution
		{E8B78F24-FA85-4FA6-B5CE-F05548BD9714}.Debug|Any CPU.ActiveCfg = Debug|Any CPU
		{E8B78F24-FA85-4FA6-B5CE-F05548BD9714}.Debug|Any CPU.Build.0 = Debug|Any CPU
		{E8B78F24-FA85-4FA6-B5CE-F05548BD9714}.Release|Any CPU.ActiveCfg = Release|Any CPU
		{E8B78F24-FA85-4FA6-B5CE-F05548BD9714}.Release|Any CPU.Build.0 = Release|Any CPU
		{10D848B2-FF63-4BD0-89A0-677F0442C145}.Debug|Any CPU.ActiveCfg = Debug|Any CPU
		{10D848B2-FF63-4BD0-89A0-677F0442C145}.Debug|Any CPU.Build.0 = Debug|Any CPU
		{10D848B2-FF63-4BD0-89A0-677F0442C145}.Release|Any CPU.ActiveCfg = Release|Any CPU
		{10D848B2-FF63-4BD0-89A0-677F0442C145}.Release|Any CPU.Build.0 = Release|Any CPU
		{FA327901-FE7E-4405-9AD8-40552418AFE1}.Debug|Any CPU.ActiveCfg = Debug|Any CPU
		{FA327901-FE7E-4405-9AD8-40552418AFE1}.Debug|Any CPU.Build.0 = Debug|Any CPU
		{FA327901-FE7E-4405-9AD8-40552418AFE1}.Release|Any CPU.ActiveCfg = Release|Any CPU
		{FA327901-FE7E-4405-9AD8-40552418AFE1}.Release|Any CPU.Build.0 = Release|Any CPU
		{19407B50-7C76-472D-ACCF-E52D81E3501F}.Debug|Any CPU.ActiveCfg = Debug|Any CPU
		{19407B50-7C76-472D-ACCF-E52D81E3501F}.Debug|Any CPU.Build.0 = Debug|Any CPU
		{19407B50-7C76-472D-ACCF-E52D81E3501F}.Release|Any CPU.ActiveCfg = Release|Any CPU
		{19407B50-7C76-472D-ACCF-E52D81E3501F}.Release|Any CPU.Build.0 = Release|Any CPU
		{E0D87D6C-7C28-4557-A937-F3410E7B5BD6}.Debug|Any CPU.ActiveCfg = Debug|Any CPU
		{E0D87D6C-7C28-4557-A937-F3410E7B5BD6}.Debug|Any CPU.Build.0 = Debug|Any CPU
		{E0D87D6C-7C28-4557-A937-F3410E7B5BD6}.Release|Any CPU.ActiveCfg = Release|Any CPU
		{E0D87D6C-7C28-4557-A937-F3410E7B5BD6}.Release|Any CPU.Build.0 = Release|Any CPU
		{6166D700-4F32-4220-80FB-6E23C201292A}.Debug|Any CPU.ActiveCfg = Debug|Any CPU
		{6166D700-4F32-4220-80FB-6E23C201292A}.Debug|Any CPU.Build.0 = Debug|Any CPU
		{6166D700-4F32-4220-80FB-6E23C201292A}.Release|Any CPU.ActiveCfg = Release|Any CPU
		{6166D700-4F32-4220-80FB-6E23C201292A}.Release|Any CPU.Build.0 = Release|Any CPU
	EndGlobalSection
	GlobalSection(SolutionProperties) = preSolution
		HideSolutionNode = FALSE
	EndGlobalSection
	GlobalSection(NestedProjects) = preSolution
		{19407B50-7C76-472D-ACCF-E52D81E3501F} = {8F84F1DD-F3FC-4178-8FFF-CA9A8B640ADC}
		{E0D87D6C-7C28-4557-A937-F3410E7B5BD6} = {8F84F1DD-F3FC-4178-8FFF-CA9A8B640ADC}
		{DB7883CE-337F-40A3-98B6-AC68DA9C38F8} = {9792B57B-E495-437F-96FF-5388AECF63FF}
		{316F6066-C126-453D-8FCE-4EB42BB00DA6} = {9792B57B-E495-437F-96FF-5388AECF63FF}
		{921EB75B-C1E1-471D-995B-1E65E52EBF21} = {316F6066-C126-453D-8FCE-4EB42BB00DA6}
		{6166D700-4F32-4220-80FB-6E23C201292A} = {921EB75B-C1E1-471D-995B-1E65E52EBF21}
	EndGlobalSection
EndGlobal
