
Microsoft Visual Studio Solution File, Format Version 12.00
# Visual Studio 14
VisualStudioVersion = 14.0.25420.1
MinimumVisualStudioVersion = 10.0.40219.1
Project("{FAE04EC0-301F-11D3-BF4B-00C04F79EFBC}") = "KEEPER.K3.WebService", "KEEPER.K3.WebService\KEEPER.K3.WebService.csproj", "{E8B78F24-FA85-4FA6-B5CE-F05548BD9714}"
EndProject
Project("{FAE04EC0-301F-11D3-BF4B-00C04F79EFBC}") = "KEEPER.K3.WebService.Tests", "KEEPER.K3.WebService.Tests\KEEPER.K3.WebService.Tests.csproj", "{10D848B2-FF63-4BD0-89A0-677F0442C145}"
EndProject
Project("{FAE04EC0-301F-11D3-BF4B-00C04F79EFBC}") = "KEEPER.K3.Web.Core", "KEEPER.K3.Web.Core\KEEPER.K3.Web.Core.csproj", "{FA327901-FE7E-4405-9AD8-40552418AFE1}"
EndProject
Project("{2150E333-8FDC-42A3-9474-1A3956D46DE8}") = "Common", "Common", "{8F84F1DD-F3FC-4178-8FFF-CA9A8B640ADC}"
EndProject
Project("{2150E333-8FDC-42A3-9474-1A3956D46DE8}") = "Plugln", "Plugln", "{9792B57B-E495-437F-96FF-5388AECF63FF}"
EndProject
Project("{FAE04EC0-301F-11D3-BF4B-00C04F79EFBC}") = "KEEPER.K3.XSX.Contracts", "KEEPER.K3.XSX.Contracts\KEEPER.K3.XSX.Contracts.csproj", "{19407B50-7C76-472D-ACCF-E52D81E3501F}"
EndProject
Project("{FAE04EC0-301F-11D3-BF4B-00C04F79EFBC}") = "KEEPER.K3.XSX.Core", "KEEPER.K3.XSX.Core\KEEPER.K3.XSX.Core.csproj", "{E0D87D6C-7C28-4557-A937-F3410E7B5BD6}"
EndProject
Project("{2150E333-8FDC-42A3-9474-1A3956D46DE8}") = "BusinessPlugIn", "BusinessPlugIn", "{DB7883CE-337F-40A3-98B6-AC68DA9C38F8}"
EndProject
Project("{2150E333-8FDC-42A3-9474-1A3956D46DE8}") = "ServicePlugIn", "ServicePlugIn", "{316F6066-C126-453D-8FCE-4EB42BB00DA6}"
EndProject
Project("{2150E333-8FDC-42A3-9474-1A3956D46DE8}") = "AR_RECEIVEBILL", "AR_RECEIVEBILL", "{921EB75B-C1E1-471D-995B-1E65E52EBF21}"
EndProject
Project("{FAE04EC0-301F-11D3-BF4B-00C04F79EFBC}") = "KEEPER.K3.AR_RECEIVEBILL.ServicePlugIn", "KEEPER.K3.AR_RECEIVEBILL.ServicePlugIn\KEEPER.K3.AR_RECEIVEBILL.ServicePlugIn.csproj", "{6166D700-4F32-4220-80FB-6E23C201292A}"
EndProject
Project("{FAE04EC0-301F-11D3-BF4B-00C04F79EFBC}") = "KEEPER.K3.XSXServiceHelper", "KEEPER.K3.XSXServiceHelper\KEEPER.K3.XSXServiceHelper.csproj", "{D49A3A2F-6CCA-4308-8193-A56A37A01D5C}"
EndProject
Project("{FAE04EC0-301F-11D3-BF4B-00C04F79EFBC}") = "KEEPER.K3.App", "KEEPER.K3.App\KEEPER.K3.App.csproj", "{6BC4329E-EA3F-4780-AB0F-9B2D3517B7C5}"
EndProject
Project("{FAE04EC0-301F-11D3-BF4B-00C04F79EFBC}") = "KEEPER.K3.COST_COSTREQUESTBILL.ServicePlugIn", "KEEPER.K3.COST_COSTREQUESTBILL.ServicePlugIn\KEEPER.K3.COST_COSTREQUESTBILL.ServicePlugIn.csproj", "{51283F6C-CA5F-44A8-AF04-810A588B9FE8}"
EndProject
Project("{2150E333-8FDC-42A3-9474-1A3956D46DE8}") = "REQUISITIONS", "REQUISITIONS", "{1848B6BF-ECAC-43D9-89EF-E181D2D92B78}"
EndProject
Project("{FAE04EC0-301F-11D3-BF4B-00C04F79EFBC}") = "KEEPER.K3.ORDER_REQ.ServicePlugIn", "KEEPER.K3.ORDER_REQ.ServicePlugIn\KEEPER.K3.ORDER_REQ.ServicePlugIn.csproj", "{5DC001E9-BB76-49F5-AA1B-25D6457EBEDE}"
EndProject
Project("{2150E333-8FDC-42A3-9474-1A3956D46DE8}") = "SALOUTBILL", "SALOUTBILL", "{BB0B23E6-A8BF-4EB0-A0F1-D76B7E3C1D7A}"
EndProject
Project("{FAE04EC0-301F-11D3-BF4B-00C04F79EFBC}") = "KEEPER.K3.SALOUT.ServicePlugIn", "KEEPER.K3.SALOUT.ServicePlugIn\KEEPER.K3.SALOUT.ServicePlugIn.csproj", "{91ED7E98-B9F1-4B33-A175-5CF3E7C22CDB}"
EndProject
Project("{2150E333-8FDC-42A3-9474-1A3956D46DE8}") = "SALRETURNBILL", "SALRETURNBILL", "{1A8D129A-BBDA-4467-B4F6-BB214ACCDE5A}"
EndProject
Project("{FAE04EC0-301F-11D3-BF4B-00C04F79EFBC}") = "KEEPER.K3.SALRETURN.ServicePlugIn", "KEEPER.K3.SALRETURN.ServicePlugIn\KEEPER.K3.SALRETURN.ServicePlugIn.csproj", "{08504A2C-8837-4C31-A4CD-60503AF8CD3C}"
EndProject
Global
	GlobalSection(SolutionConfigurationPlatforms) = preSolution
		Debug|Any CPU = Debug|Any CPU
		Release|Any CPU = Release|Any CPU
	EndGlobalSection
	GlobalSection(ProjectConfigurationPlatforms) = postSolution
		{E8B78F24-FA85-4FA6-B5CE-F05548BD9714}.Debug|Any CPU.ActiveCfg = Debug|Any CPU
		{E8B78F24-FA85-4FA6-B5CE-F05548BD9714}.Debug|Any CPU.Build.0 = Debug|Any CPU
		{E8B78F24-FA85-4FA6-B5CE-F05548BD9714}.Release|Any CPU.ActiveCfg = Release|Any CPU
		{E8B78F24-FA85-4FA6-B5CE-F05548BD9714}.Release|Any CPU.Build.0 = Release|Any CPU
		{10D848B2-FF63-4BD0-89A0-677F0442C145}.Debug|Any CPU.ActiveCfg = Debug|Any CPU
		{10D848B2-FF63-4BD0-89A0-677F0442C145}.Debug|Any CPU.Build.0 = Debug|Any CPU
		{10D848B2-FF63-4BD0-89A0-677F0442C145}.Release|Any CPU.ActiveCfg = Release|Any CPU
		{10D848B2-FF63-4BD0-89A0-677F0442C145}.Release|Any CPU.Build.0 = Release|Any CPU
		{FA327901-FE7E-4405-9AD8-40552418AFE1}.Debug|Any CPU.ActiveCfg = Debug|Any CPU
		{FA327901-FE7E-4405-9AD8-40552418AFE1}.Debug|Any CPU.Build.0 = Debug|Any CPU
		{FA327901-FE7E-4405-9AD8-40552418AFE1}.Release|Any CPU.ActiveCfg = Release|Any CPU
		{FA327901-FE7E-4405-9AD8-40552418AFE1}.Release|Any CPU.Build.0 = Release|Any CPU
		{19407B50-7C76-472D-ACCF-E52D81E3501F}.Debug|Any CPU.ActiveCfg = Debug|Any CPU
		{19407B50-7C76-472D-ACCF-E52D81E3501F}.Debug|Any CPU.Build.0 = Debug|Any CPU
		{19407B50-7C76-472D-ACCF-E52D81E3501F}.Release|Any CPU.ActiveCfg = Release|Any CPU
		{19407B50-7C76-472D-ACCF-E52D81E3501F}.Release|Any CPU.Build.0 = Release|Any CPU
		{E0D87D6C-7C28-4557-A937-F3410E7B5BD6}.Debug|Any CPU.ActiveCfg = Debug|Any CPU
		{E0D87D6C-7C28-4557-A937-F3410E7B5BD6}.Debug|Any CPU.Build.0 = Debug|Any CPU
		{E0D87D6C-7C28-4557-A937-F3410E7B5BD6}.Release|Any CPU.ActiveCfg = Release|Any CPU
		{E0D87D6C-7C28-4557-A937-F3410E7B5BD6}.Release|Any CPU.Build.0 = Release|Any CPU
		{6166D700-4F32-4220-80FB-6E23C201292A}.Debug|Any CPU.ActiveCfg = Debug|Any CPU
		{6166D700-4F32-4220-80FB-6E23C201292A}.Debug|Any CPU.Build.0 = Debug|Any CPU
		{6166D700-4F32-4220-80FB-6E23C201292A}.Release|Any CPU.ActiveCfg = Release|Any CPU
		{6166D700-4F32-4220-80FB-6E23C201292A}.Release|Any CPU.Build.0 = Release|Any CPU
		{D49A3A2F-6CCA-4308-8193-A56A37A01D5C}.Debug|Any CPU.ActiveCfg = Debug|Any CPU
		{D49A3A2F-6CCA-4308-8193-A56A37A01D5C}.Debug|Any CPU.Build.0 = Debug|Any CPU
		{D49A3A2F-6CCA-4308-8193-A56A37A01D5C}.Release|Any CPU.ActiveCfg = Release|Any CPU
		{D49A3A2F-6CCA-4308-8193-A56A37A01D5C}.Release|Any CPU.Build.0 = Release|Any CPU
		{6BC4329E-EA3F-4780-AB0F-9B2D3517B7C5}.Debug|Any CPU.ActiveCfg = Debug|Any CPU
		{6BC4329E-EA3F-4780-AB0F-9B2D3517B7C5}.Debug|Any CPU.Build.0 = Debug|Any CPU
		{6BC4329E-EA3F-4780-AB0F-9B2D3517B7C5}.Release|Any CPU.ActiveCfg = Release|Any CPU
		{6BC4329E-EA3F-4780-AB0F-9B2D3517B7C5}.Release|Any CPU.Build.0 = Release|Any CPU
		{51283F6C-CA5F-44A8-AF04-810A588B9FE8}.Debug|Any CPU.ActiveCfg = Debug|Any CPU
		{51283F6C-CA5F-44A8-AF04-810A588B9FE8}.Debug|Any CPU.Build.0 = Debug|Any CPU
		{51283F6C-CA5F-44A8-AF04-810A588B9FE8}.Release|Any CPU.ActiveCfg = Release|Any CPU
		{51283F6C-CA5F-44A8-AF04-810A588B9FE8}.Release|Any CPU.Build.0 = Release|Any CPU
		{5DC001E9-BB76-49F5-AA1B-25D6457EBEDE}.Debug|Any CPU.ActiveCfg = Debug|Any CPU
		{5DC001E9-BB76-49F5-AA1B-25D6457EBEDE}.Debug|Any CPU.Build.0 = Debug|Any CPU
		{5DC001E9-BB76-49F5-AA1B-25D6457EBEDE}.Release|Any CPU.ActiveCfg = Release|Any CPU
		{5DC001E9-BB76-49F5-AA1B-25D6457EBEDE}.Release|Any CPU.Build.0 = Release|Any CPU
		{91ED7E98-B9F1-4B33-A175-5CF3E7C22CDB}.Debug|Any CPU.ActiveCfg = Debug|Any CPU
		{91ED7E98-B9F1-4B33-A175-5CF3E7C22CDB}.Debug|Any CPU.Build.0 = Debug|Any CPU
		{91ED7E98-B9F1-4B33-A175-5CF3E7C22CDB}.Release|Any CPU.ActiveCfg = Release|Any CPU
		{91ED7E98-B9F1-4B33-A175-5CF3E7C22CDB}.Release|Any CPU.Build.0 = Release|Any CPU
		{08504A2C-8837-4C31-A4CD-60503AF8CD3C}.Debug|Any CPU.ActiveCfg = Debug|Any CPU
		{08504A2C-8837-4C31-A4CD-60503AF8CD3C}.Debug|Any CPU.Build.0 = Debug|Any CPU
		{08504A2C-8837-4C31-A4CD-60503AF8CD3C}.Release|Any CPU.ActiveCfg = Release|Any CPU
		{08504A2C-8837-4C31-A4CD-60503AF8CD3C}.Release|Any CPU.Build.0 = Release|Any CPU
	EndGlobalSection
	GlobalSection(SolutionProperties) = preSolution
		HideSolutionNode = FALSE
	EndGlobalSection
	GlobalSection(NestedProjects) = preSolution
		{19407B50-7C76-472D-ACCF-E52D81E3501F} = {8F84F1DD-F3FC-4178-8FFF-CA9A8B640ADC}
		{E0D87D6C-7C28-4557-A937-F3410E7B5BD6} = {8F84F1DD-F3FC-4178-8FFF-CA9A8B640ADC}
		{DB7883CE-337F-40A3-98B6-AC68DA9C38F8} = {9792B57B-E495-437F-96FF-5388AECF63FF}
		{316F6066-C126-453D-8FCE-4EB42BB00DA6} = {9792B57B-E495-437F-96FF-5388AECF63FF}
		{921EB75B-C1E1-471D-995B-1E65E52EBF21} = {316F6066-C126-453D-8FCE-4EB42BB00DA6}
		{6166D700-4F32-4220-80FB-6E23C201292A} = {921EB75B-C1E1-471D-995B-1E65E52EBF21}
		{D49A3A2F-6CCA-4308-8193-A56A37A01D5C} = {8F84F1DD-F3FC-4178-8FFF-CA9A8B640ADC}
		{6BC4329E-EA3F-4780-AB0F-9B2D3517B7C5} = {8F84F1DD-F3FC-4178-8FFF-CA9A8B640ADC}
		{51283F6C-CA5F-44A8-AF04-810A588B9FE8} = {921EB75B-C1E1-471D-995B-1E65E52EBF21}
		{1848B6BF-ECAC-43D9-89EF-E181D2D92B78} = {316F6066-C126-453D-8FCE-4EB42BB00DA6}
		{5DC001E9-BB76-49F5-AA1B-25D6457EBEDE} = {1848B6BF-ECAC-43D9-89EF-E181D2D92B78}
		{BB0B23E6-A8BF-4EB0-A0F1-D76B7E3C1D7A} = {316F6066-C126-453D-8FCE-4EB42BB00DA6}
		{91ED7E98-B9F1-4B33-A175-5CF3E7C22CDB} = {BB0B23E6-A8BF-4EB0-A0F1-D76B7E3C1D7A}
		{1A8D129A-BBDA-4467-B4F6-BB214ACCDE5A} = {316F6066-C126-453D-8FCE-4EB42BB00DA6}
		{08504A2C-8837-4C31-A4CD-60503AF8CD3C} = {1A8D129A-BBDA-4467-B4F6-BB214ACCDE5A}
	EndGlobalSection
EndGlobal
